
Microsoft Visual Studio Solution File, Format Version 12.00
# Visual Studio Version 17
VisualStudioVersion = 17.5.002.0
MinimumVisualStudioVersion = 10.0.40219.1
Project("{9A19103F-16F7-4668-BE54-9A1E7A4F7556}") = "Atividade15", "Atividade15.csproj", "{B1417259-E974-47AF-A561-4C4130CCDE6D}"
EndProject
Global
	GlobalSection(SolutionConfigurationPlatforms) = preSolution
		Debug|Any CPU = Debug|Any CPU
		Release|Any CPU = Release|Any CPU
	EndGlobalSection
	GlobalSection(ProjectConfigurationPlatforms) = postSolution
		{B1417259-E974-47AF-A561-4C4130CCDE6D}.Debug|Any CPU.ActiveCfg = Debug|Any CPU
		{B1417259-E974-47AF-A561-4C4130CCDE6D}.Debug|Any CPU.Build.0 = Debug|Any CPU
		{B1417259-E974-47AF-A561-4C4130CCDE6D}.Release|Any CPU.ActiveCfg = Release|Any CPU
		{B1417259-E974-47AF-A561-4C4130CCDE6D}.Release|Any CPU.Build.0 = Release|Any CPU
	EndGlobalSection
	GlobalSection(SolutionProperties) = preSolution
		HideSolutionNode = FALSE
	EndGlobalSection
	GlobalSection(ExtensibilityGlobals) = postSolution
		SolutionGuid = {F5717911-FFC0-49E0-A162-06FDBF17BCC2}
	EndGlobalSection
EndGlobal
